
Microsoft Visual Studio Solution File, Format Version 12.00
# Visual Studio 14
VisualStudioVersion = 14.0.25420.1
MinimumVisualStudioVersion = 10.0.40219.1
Project("{FAE04EC0-301F-11D3-BF4B-00C04F79EFBC}") = "CodeMash.Net", "CodeMash.Net\CodeMash.Net.csproj", "{A80FA817-E433-4766-BEC3-6C2C866303AF}"
EndProject
Project("{FAE04EC0-301F-11D3-BF4B-00C04F79EFBC}") = "CodeMash.Net.Tests", "CodeMash.Net.Tests\CodeMash.Net.Tests.csproj", "{DAD93E22-3027-483A-BADE-3AB2FAF1F09A}"
EndProject
Project("{2150E333-8FDC-42A3-9474-1A3956D46DE8}") = "Info", "Info", "{A9F05CD8-2F60-4B6F-BBC1-01FE075B90CA}"
	ProjectSection(SolutionItems) = preProject
		CodeMash.Net\CreateNugetPackage.txt = CodeMash.Net\CreateNugetPackage.txt
		CodeMash.Net.Package\AdditionalFiles\README.txt = CodeMash.Net.Package\AdditionalFiles\README.txt
	EndProjectSection
EndProject
Project("{FAE04EC0-301F-11D3-BF4B-00C04F79EFBC}") = "CodeMash.Net.DataContracts", "CodeMash.Net.DataContracts\CodeMash.Net.DataContracts.csproj", "{6DD367CF-CFE9-4D3E-985C-1153BAD9A42C}"
EndProject
Project("{2150E333-8FDC-42A3-9474-1A3956D46DE8}") = "Documentation", "Documentation", "{4BF2CF02-E8A6-4F5A-B634-D76067E11447}"
	ProjectSection(SolutionItems) = preProject
		1. Getting started.md = 1. Getting started.md
		2. Connecting to database.md = 2. Connecting to database.md
		3.1. Create.md = 3.1. Create.md
		3.2. Read.md = 3.2. Read.md
		3.3. Update.md = 3.3. Update.md
		3.4. Delete.md = 3.4. Delete.md
		README.md = README.md
	EndProjectSection
EndProject
Global
	GlobalSection(SolutionConfigurationPlatforms) = preSolution
		AppStore|Any CPU = AppStore|Any CPU
		AppStore|iPhone = AppStore|iPhone
		AppStore|iPhoneSimulator = AppStore|iPhoneSimulator
		Debug|Any CPU = Debug|Any CPU
		Debug|iPhone = Debug|iPhone
		Debug|iPhoneSimulator = Debug|iPhoneSimulator
		Release|Any CPU = Release|Any CPU
		Release|iPhone = Release|iPhone
		Release|iPhoneSimulator = Release|iPhoneSimulator
		Staging|Any CPU = Staging|Any CPU
		Staging|iPhone = Staging|iPhone
		Staging|iPhoneSimulator = Staging|iPhoneSimulator
	EndGlobalSection
	GlobalSection(ProjectConfigurationPlatforms) = postSolution
		{A80FA817-E433-4766-BEC3-6C2C866303AF}.AppStore|Any CPU.ActiveCfg = Staging|Any CPU
		{A80FA817-E433-4766-BEC3-6C2C866303AF}.AppStore|Any CPU.Build.0 = Staging|Any CPU
		{A80FA817-E433-4766-BEC3-6C2C866303AF}.AppStore|iPhone.ActiveCfg = Staging|Any CPU
		{A80FA817-E433-4766-BEC3-6C2C866303AF}.AppStore|iPhone.Build.0 = Staging|Any CPU
		{A80FA817-E433-4766-BEC3-6C2C866303AF}.AppStore|iPhoneSimulator.ActiveCfg = Staging|Any CPU
		{A80FA817-E433-4766-BEC3-6C2C866303AF}.AppStore|iPhoneSimulator.Build.0 = Staging|Any CPU
		{A80FA817-E433-4766-BEC3-6C2C866303AF}.Debug|Any CPU.ActiveCfg = Debug|Any CPU
		{A80FA817-E433-4766-BEC3-6C2C866303AF}.Debug|Any CPU.Build.0 = Debug|Any CPU
		{A80FA817-E433-4766-BEC3-6C2C866303AF}.Debug|iPhone.ActiveCfg = Debug|Any CPU
		{A80FA817-E433-4766-BEC3-6C2C866303AF}.Debug|iPhone.Build.0 = Debug|Any CPU
		{A80FA817-E433-4766-BEC3-6C2C866303AF}.Debug|iPhoneSimulator.ActiveCfg = Debug|Any CPU
		{A80FA817-E433-4766-BEC3-6C2C866303AF}.Debug|iPhoneSimulator.Build.0 = Debug|Any CPU
		{A80FA817-E433-4766-BEC3-6C2C866303AF}.Release|Any CPU.ActiveCfg = Release|Any CPU
		{A80FA817-E433-4766-BEC3-6C2C866303AF}.Release|Any CPU.Build.0 = Release|Any CPU
		{A80FA817-E433-4766-BEC3-6C2C866303AF}.Release|iPhone.ActiveCfg = Release|Any CPU
		{A80FA817-E433-4766-BEC3-6C2C866303AF}.Release|iPhone.Build.0 = Release|Any CPU
		{A80FA817-E433-4766-BEC3-6C2C866303AF}.Release|iPhoneSimulator.ActiveCfg = Release|Any CPU
		{A80FA817-E433-4766-BEC3-6C2C866303AF}.Release|iPhoneSimulator.Build.0 = Release|Any CPU
		{A80FA817-E433-4766-BEC3-6C2C866303AF}.Staging|Any CPU.ActiveCfg = Staging|Any CPU
		{A80FA817-E433-4766-BEC3-6C2C866303AF}.Staging|Any CPU.Build.0 = Staging|Any CPU
		{A80FA817-E433-4766-BEC3-6C2C866303AF}.Staging|iPhone.ActiveCfg = Staging|Any CPU
		{A80FA817-E433-4766-BEC3-6C2C866303AF}.Staging|iPhone.Build.0 = Staging|Any CPU
		{A80FA817-E433-4766-BEC3-6C2C866303AF}.Staging|iPhoneSimulator.ActiveCfg = Staging|Any CPU
		{A80FA817-E433-4766-BEC3-6C2C866303AF}.Staging|iPhoneSimulator.Build.0 = Staging|Any CPU
		{DAD93E22-3027-483A-BADE-3AB2FAF1F09A}.AppStore|Any CPU.ActiveCfg = Staging|Any CPU
		{DAD93E22-3027-483A-BADE-3AB2FAF1F09A}.AppStore|Any CPU.Build.0 = Staging|Any CPU
		{DAD93E22-3027-483A-BADE-3AB2FAF1F09A}.AppStore|iPhone.ActiveCfg = Staging|Any CPU
		{DAD93E22-3027-483A-BADE-3AB2FAF1F09A}.AppStore|iPhone.Build.0 = Staging|Any CPU
		{DAD93E22-3027-483A-BADE-3AB2FAF1F09A}.AppStore|iPhoneSimulator.ActiveCfg = Staging|Any CPU
		{DAD93E22-3027-483A-BADE-3AB2FAF1F09A}.AppStore|iPhoneSimulator.Build.0 = Staging|Any CPU
		{DAD93E22-3027-483A-BADE-3AB2FAF1F09A}.Debug|Any CPU.ActiveCfg = Debug|Any CPU
		{DAD93E22-3027-483A-BADE-3AB2FAF1F09A}.Debug|Any CPU.Build.0 = Debug|Any CPU
		{DAD93E22-3027-483A-BADE-3AB2FAF1F09A}.Debug|iPhone.ActiveCfg = Debug|Any CPU
		{DAD93E22-3027-483A-BADE-3AB2FAF1F09A}.Debug|iPhone.Build.0 = Debug|Any CPU
		{DAD93E22-3027-483A-BADE-3AB2FAF1F09A}.Debug|iPhoneSimulator.ActiveCfg = Debug|Any CPU
		{DAD93E22-3027-483A-BADE-3AB2FAF1F09A}.Debug|iPhoneSimulator.Build.0 = Debug|Any CPU
		{DAD93E22-3027-483A-BADE-3AB2FAF1F09A}.Release|Any CPU.ActiveCfg = Release|Any CPU
		{DAD93E22-3027-483A-BADE-3AB2FAF1F09A}.Release|Any CPU.Build.0 = Release|Any CPU
		{DAD93E22-3027-483A-BADE-3AB2FAF1F09A}.Release|iPhone.ActiveCfg = Release|Any CPU
		{DAD93E22-3027-483A-BADE-3AB2FAF1F09A}.Release|iPhone.Build.0 = Release|Any CPU
		{DAD93E22-3027-483A-BADE-3AB2FAF1F09A}.Release|iPhoneSimulator.ActiveCfg = Release|Any CPU
		{DAD93E22-3027-483A-BADE-3AB2FAF1F09A}.Release|iPhoneSimulator.Build.0 = Release|Any CPU
		{DAD93E22-3027-483A-BADE-3AB2FAF1F09A}.Staging|Any CPU.ActiveCfg = Staging|Any CPU
		{DAD93E22-3027-483A-BADE-3AB2FAF1F09A}.Staging|Any CPU.Build.0 = Staging|Any CPU
		{DAD93E22-3027-483A-BADE-3AB2FAF1F09A}.Staging|iPhone.ActiveCfg = Staging|Any CPU
		{DAD93E22-3027-483A-BADE-3AB2FAF1F09A}.Staging|iPhone.Build.0 = Staging|Any CPU
		{DAD93E22-3027-483A-BADE-3AB2FAF1F09A}.Staging|iPhoneSimulator.ActiveCfg = Staging|Any CPU
		{DAD93E22-3027-483A-BADE-3AB2FAF1F09A}.Staging|iPhoneSimulator.Build.0 = Staging|Any CPU
		{6DD367CF-CFE9-4D3E-985C-1153BAD9A42C}.AppStore|Any CPU.ActiveCfg = Staging|Any CPU
		{6DD367CF-CFE9-4D3E-985C-1153BAD9A42C}.AppStore|Any CPU.Build.0 = Staging|Any CPU
		{6DD367CF-CFE9-4D3E-985C-1153BAD9A42C}.AppStore|iPhone.ActiveCfg = Staging|Any CPU
		{6DD367CF-CFE9-4D3E-985C-1153BAD9A42C}.AppStore|iPhone.Build.0 = Staging|Any CPU
		{6DD367CF-CFE9-4D3E-985C-1153BAD9A42C}.AppStore|iPhoneSimulator.ActiveCfg = Staging|Any CPU
		{6DD367CF-CFE9-4D3E-985C-1153BAD9A42C}.AppStore|iPhoneSimulator.Build.0 = Staging|Any CPU
		{6DD367CF-CFE9-4D3E-985C-1153BAD9A42C}.Debug|Any CPU.ActiveCfg = Debug|Any CPU
		{6DD367CF-CFE9-4D3E-985C-1153BAD9A42C}.Debug|Any CPU.Build.0 = Debug|Any CPU
		{6DD367CF-CFE9-4D3E-985C-1153BAD9A42C}.Debug|iPhone.ActiveCfg = Debug|Any CPU
		{6DD367CF-CFE9-4D3E-985C-1153BAD9A42C}.Debug|iPhone.Build.0 = Debug|Any CPU
		{6DD367CF-CFE9-4D3E-985C-1153BAD9A42C}.Debug|iPhoneSimulator.ActiveCfg = Debug|Any CPU
		{6DD367CF-CFE9-4D3E-985C-1153BAD9A42C}.Debug|iPhoneSimulator.Build.0 = Debug|Any CPU
		{6DD367CF-CFE9-4D3E-985C-1153BAD9A42C}.Release|Any CPU.ActiveCfg = Release|Any CPU
		{6DD367CF-CFE9-4D3E-985C-1153BAD9A42C}.Release|Any CPU.Build.0 = Release|Any CPU
		{6DD367CF-CFE9-4D3E-985C-1153BAD9A42C}.Release|iPhone.ActiveCfg = Release|Any CPU
		{6DD367CF-CFE9-4D3E-985C-1153BAD9A42C}.Release|iPhone.Build.0 = Release|Any CPU
		{6DD367CF-CFE9-4D3E-985C-1153BAD9A42C}.Release|iPhoneSimulator.ActiveCfg = Release|Any CPU
		{6DD367CF-CFE9-4D3E-985C-1153BAD9A42C}.Release|iPhoneSimulator.Build.0 = Release|Any CPU
		{6DD367CF-CFE9-4D3E-985C-1153BAD9A42C}.Staging|Any CPU.ActiveCfg = Staging|Any CPU
		{6DD367CF-CFE9-4D3E-985C-1153BAD9A42C}.Staging|Any CPU.Build.0 = Staging|Any CPU
		{6DD367CF-CFE9-4D3E-985C-1153BAD9A42C}.Staging|iPhone.ActiveCfg = Staging|Any CPU
		{6DD367CF-CFE9-4D3E-985C-1153BAD9A42C}.Staging|iPhone.Build.0 = Staging|Any CPU
		{6DD367CF-CFE9-4D3E-985C-1153BAD9A42C}.Staging|iPhoneSimulator.ActiveCfg = Staging|Any CPU
		{6DD367CF-CFE9-4D3E-985C-1153BAD9A42C}.Staging|iPhoneSimulator.Build.0 = Staging|Any CPU
	EndGlobalSection
	GlobalSection(SolutionProperties) = preSolution
		HideSolutionNode = FALSE
	EndGlobalSection
EndGlobal
