
Microsoft Visual Studio Solution File, Format Version 12.00
# Visual Studio 15
VisualStudioVersion = 15.0.26014.0
MinimumVisualStudioVersion = 10.0.40219.1
Project("{FAE04EC0-301F-11D3-BF4B-00C04F79EFBC}") = "CodeMash.Net.Tests", "CodeMash.Net.Tests\CodeMash.Net.Tests.csproj", "{DAD93E22-3027-483A-BADE-3AB2FAF1F09A}"
EndProject
Project("{2150E333-8FDC-42A3-9474-1A3956D46DE8}") = "Documentation", "Documentation", "{4BF2CF02-E8A6-4F5A-B634-D76067E11447}"
	ProjectSection(SolutionItems) = preProject
		..\1. Getting started.md = ..\1. Getting started.md
		..\2. Get ApiKey.md = ..\2. Get ApiKey.md
		..\3. Connecting to database.md = ..\3. Connecting to database.md
		..\3.1. Create.md = ..\3.1. Create.md
		..\3.2. Read.md = ..\3.2. Read.md
		..\3.3. Update.md = ..\3.3. Update.md
		..\3.4. Delete.md = ..\3.4. Delete.md
		..\README.md = ..\README.md
	EndProjectSection
EndProject
Project("{FAE04EC0-301F-11D3-BF4B-00C04F79EFBC}") = "CodeMash.Data", "CodeMash.Data\CodeMash.Data.csproj", "{FC983D79-F15B-47AD-AE8C-53B2E2B52D2E}"
EndProject
Project("{FAE04EC0-301F-11D3-BF4B-00C04F79EFBC}") = "CodeMash.Interfaces", "CodeMash.Interfaces\CodeMash.Interfaces.csproj", "{BD138835-DFD0-48F4-B8DE-2C544054825A}"
EndProject
Project("{FAE04EC0-301F-11D3-BF4B-00C04F79EFBC}") = "CodeMash.Tests", "CodeMash.Tests\CodeMash.Tests.csproj", "{72D1FDC9-EEB3-47A0-96D2-BD3C2BE57E22}"
EndProject
Project("{FAE04EC0-301F-11D3-BF4B-00C04F79EFBC}") = "CodeMash", "CodeMash\CodeMash.csproj", "{FB97FFD2-ACE5-4294-9564-B0074CC941C9}"
EndProject
Project("{FAE04EC0-301F-11D3-BF4B-00C04F79EFBC}") = "CodeMash.Notifications", "CodeMash.Notifications\CodeMash.Notifications.csproj", "{9FC8ADCB-421F-4F7B-8B60-D3EDB9FDA13A}"
EndProject
Global
	GlobalSection(SolutionConfigurationPlatforms) = preSolution
		AppStore|Any CPU = AppStore|Any CPU
		AppStore|iPhone = AppStore|iPhone
		AppStore|iPhoneSimulator = AppStore|iPhoneSimulator
		Debug|Any CPU = Debug|Any CPU
		Debug|iPhone = Debug|iPhone
		Debug|iPhoneSimulator = Debug|iPhoneSimulator
		Release|Any CPU = Release|Any CPU
		Release|iPhone = Release|iPhone
		Release|iPhoneSimulator = Release|iPhoneSimulator
		Staging|Any CPU = Staging|Any CPU
		Staging|iPhone = Staging|iPhone
		Staging|iPhoneSimulator = Staging|iPhoneSimulator
	EndGlobalSection
	GlobalSection(ProjectConfigurationPlatforms) = postSolution
		{DAD93E22-3027-483A-BADE-3AB2FAF1F09A}.AppStore|Any CPU.ActiveCfg = Staging|Any CPU
		{DAD93E22-3027-483A-BADE-3AB2FAF1F09A}.AppStore|Any CPU.Build.0 = Staging|Any CPU
		{DAD93E22-3027-483A-BADE-3AB2FAF1F09A}.AppStore|iPhone.ActiveCfg = Staging|Any CPU
		{DAD93E22-3027-483A-BADE-3AB2FAF1F09A}.AppStore|iPhone.Build.0 = Staging|Any CPU
		{DAD93E22-3027-483A-BADE-3AB2FAF1F09A}.AppStore|iPhoneSimulator.ActiveCfg = Staging|Any CPU
		{DAD93E22-3027-483A-BADE-3AB2FAF1F09A}.AppStore|iPhoneSimulator.Build.0 = Staging|Any CPU
		{DAD93E22-3027-483A-BADE-3AB2FAF1F09A}.Debug|Any CPU.ActiveCfg = Debug|Any CPU
		{DAD93E22-3027-483A-BADE-3AB2FAF1F09A}.Debug|Any CPU.Build.0 = Debug|Any CPU
		{DAD93E22-3027-483A-BADE-3AB2FAF1F09A}.Debug|iPhone.ActiveCfg = Debug|Any CPU
		{DAD93E22-3027-483A-BADE-3AB2FAF1F09A}.Debug|iPhone.Build.0 = Debug|Any CPU
		{DAD93E22-3027-483A-BADE-3AB2FAF1F09A}.Debug|iPhoneSimulator.ActiveCfg = Debug|Any CPU
		{DAD93E22-3027-483A-BADE-3AB2FAF1F09A}.Debug|iPhoneSimulator.Build.0 = Debug|Any CPU
		{DAD93E22-3027-483A-BADE-3AB2FAF1F09A}.Release|Any CPU.ActiveCfg = Release|Any CPU
		{DAD93E22-3027-483A-BADE-3AB2FAF1F09A}.Release|Any CPU.Build.0 = Release|Any CPU
		{DAD93E22-3027-483A-BADE-3AB2FAF1F09A}.Release|iPhone.ActiveCfg = Release|Any CPU
		{DAD93E22-3027-483A-BADE-3AB2FAF1F09A}.Release|iPhone.Build.0 = Release|Any CPU
		{DAD93E22-3027-483A-BADE-3AB2FAF1F09A}.Release|iPhoneSimulator.ActiveCfg = Release|Any CPU
		{DAD93E22-3027-483A-BADE-3AB2FAF1F09A}.Release|iPhoneSimulator.Build.0 = Release|Any CPU
		{DAD93E22-3027-483A-BADE-3AB2FAF1F09A}.Staging|Any CPU.ActiveCfg = Staging|Any CPU
		{DAD93E22-3027-483A-BADE-3AB2FAF1F09A}.Staging|Any CPU.Build.0 = Staging|Any CPU
		{DAD93E22-3027-483A-BADE-3AB2FAF1F09A}.Staging|iPhone.ActiveCfg = Staging|Any CPU
		{DAD93E22-3027-483A-BADE-3AB2FAF1F09A}.Staging|iPhone.Build.0 = Staging|Any CPU
		{DAD93E22-3027-483A-BADE-3AB2FAF1F09A}.Staging|iPhoneSimulator.ActiveCfg = Staging|Any CPU
		{DAD93E22-3027-483A-BADE-3AB2FAF1F09A}.Staging|iPhoneSimulator.Build.0 = Staging|Any CPU
		{FC983D79-F15B-47AD-AE8C-53B2E2B52D2E}.AppStore|Any CPU.ActiveCfg = Release|Any CPU
		{FC983D79-F15B-47AD-AE8C-53B2E2B52D2E}.AppStore|Any CPU.Build.0 = Release|Any CPU
		{FC983D79-F15B-47AD-AE8C-53B2E2B52D2E}.AppStore|iPhone.ActiveCfg = Release|Any CPU
		{FC983D79-F15B-47AD-AE8C-53B2E2B52D2E}.AppStore|iPhone.Build.0 = Release|Any CPU
		{FC983D79-F15B-47AD-AE8C-53B2E2B52D2E}.AppStore|iPhoneSimulator.ActiveCfg = Release|Any CPU
		{FC983D79-F15B-47AD-AE8C-53B2E2B52D2E}.AppStore|iPhoneSimulator.Build.0 = Release|Any CPU
		{FC983D79-F15B-47AD-AE8C-53B2E2B52D2E}.Debug|Any CPU.ActiveCfg = Debug|Any CPU
		{FC983D79-F15B-47AD-AE8C-53B2E2B52D2E}.Debug|Any CPU.Build.0 = Debug|Any CPU
		{FC983D79-F15B-47AD-AE8C-53B2E2B52D2E}.Debug|iPhone.ActiveCfg = Debug|Any CPU
		{FC983D79-F15B-47AD-AE8C-53B2E2B52D2E}.Debug|iPhone.Build.0 = Debug|Any CPU
		{FC983D79-F15B-47AD-AE8C-53B2E2B52D2E}.Debug|iPhoneSimulator.ActiveCfg = Debug|Any CPU
		{FC983D79-F15B-47AD-AE8C-53B2E2B52D2E}.Debug|iPhoneSimulator.Build.0 = Debug|Any CPU
		{FC983D79-F15B-47AD-AE8C-53B2E2B52D2E}.Release|Any CPU.ActiveCfg = Release|Any CPU
		{FC983D79-F15B-47AD-AE8C-53B2E2B52D2E}.Release|Any CPU.Build.0 = Release|Any CPU
		{FC983D79-F15B-47AD-AE8C-53B2E2B52D2E}.Release|iPhone.ActiveCfg = Release|Any CPU
		{FC983D79-F15B-47AD-AE8C-53B2E2B52D2E}.Release|iPhone.Build.0 = Release|Any CPU
		{FC983D79-F15B-47AD-AE8C-53B2E2B52D2E}.Release|iPhoneSimulator.ActiveCfg = Release|Any CPU
		{FC983D79-F15B-47AD-AE8C-53B2E2B52D2E}.Release|iPhoneSimulator.Build.0 = Release|Any CPU
		{FC983D79-F15B-47AD-AE8C-53B2E2B52D2E}.Staging|Any CPU.ActiveCfg = Release|Any CPU
		{FC983D79-F15B-47AD-AE8C-53B2E2B52D2E}.Staging|Any CPU.Build.0 = Release|Any CPU
		{FC983D79-F15B-47AD-AE8C-53B2E2B52D2E}.Staging|iPhone.ActiveCfg = Release|Any CPU
		{FC983D79-F15B-47AD-AE8C-53B2E2B52D2E}.Staging|iPhone.Build.0 = Release|Any CPU
		{FC983D79-F15B-47AD-AE8C-53B2E2B52D2E}.Staging|iPhoneSimulator.ActiveCfg = Release|Any CPU
		{FC983D79-F15B-47AD-AE8C-53B2E2B52D2E}.Staging|iPhoneSimulator.Build.0 = Release|Any CPU
		{BD138835-DFD0-48F4-B8DE-2C544054825A}.AppStore|Any CPU.ActiveCfg = Release|Any CPU
		{BD138835-DFD0-48F4-B8DE-2C544054825A}.AppStore|Any CPU.Build.0 = Release|Any CPU
		{BD138835-DFD0-48F4-B8DE-2C544054825A}.AppStore|iPhone.ActiveCfg = Release|Any CPU
		{BD138835-DFD0-48F4-B8DE-2C544054825A}.AppStore|iPhone.Build.0 = Release|Any CPU
		{BD138835-DFD0-48F4-B8DE-2C544054825A}.AppStore|iPhoneSimulator.ActiveCfg = Release|Any CPU
		{BD138835-DFD0-48F4-B8DE-2C544054825A}.AppStore|iPhoneSimulator.Build.0 = Release|Any CPU
		{BD138835-DFD0-48F4-B8DE-2C544054825A}.Debug|Any CPU.ActiveCfg = Debug|Any CPU
		{BD138835-DFD0-48F4-B8DE-2C544054825A}.Debug|Any CPU.Build.0 = Debug|Any CPU
		{BD138835-DFD0-48F4-B8DE-2C544054825A}.Debug|iPhone.ActiveCfg = Debug|Any CPU
		{BD138835-DFD0-48F4-B8DE-2C544054825A}.Debug|iPhone.Build.0 = Debug|Any CPU
		{BD138835-DFD0-48F4-B8DE-2C544054825A}.Debug|iPhoneSimulator.ActiveCfg = Debug|Any CPU
		{BD138835-DFD0-48F4-B8DE-2C544054825A}.Debug|iPhoneSimulator.Build.0 = Debug|Any CPU
		{BD138835-DFD0-48F4-B8DE-2C544054825A}.Release|Any CPU.ActiveCfg = Release|Any CPU
		{BD138835-DFD0-48F4-B8DE-2C544054825A}.Release|Any CPU.Build.0 = Release|Any CPU
		{BD138835-DFD0-48F4-B8DE-2C544054825A}.Release|iPhone.ActiveCfg = Release|Any CPU
		{BD138835-DFD0-48F4-B8DE-2C544054825A}.Release|iPhone.Build.0 = Release|Any CPU
		{BD138835-DFD0-48F4-B8DE-2C544054825A}.Release|iPhoneSimulator.ActiveCfg = Release|Any CPU
		{BD138835-DFD0-48F4-B8DE-2C544054825A}.Release|iPhoneSimulator.Build.0 = Release|Any CPU
		{BD138835-DFD0-48F4-B8DE-2C544054825A}.Staging|Any CPU.ActiveCfg = Release|Any CPU
		{BD138835-DFD0-48F4-B8DE-2C544054825A}.Staging|Any CPU.Build.0 = Release|Any CPU
		{BD138835-DFD0-48F4-B8DE-2C544054825A}.Staging|iPhone.ActiveCfg = Release|Any CPU
		{BD138835-DFD0-48F4-B8DE-2C544054825A}.Staging|iPhone.Build.0 = Release|Any CPU
		{BD138835-DFD0-48F4-B8DE-2C544054825A}.Staging|iPhoneSimulator.ActiveCfg = Release|Any CPU
		{BD138835-DFD0-48F4-B8DE-2C544054825A}.Staging|iPhoneSimulator.Build.0 = Release|Any CPU
		{72D1FDC9-EEB3-47A0-96D2-BD3C2BE57E22}.AppStore|Any CPU.ActiveCfg = Release|Any CPU
		{72D1FDC9-EEB3-47A0-96D2-BD3C2BE57E22}.AppStore|Any CPU.Build.0 = Release|Any CPU
		{72D1FDC9-EEB3-47A0-96D2-BD3C2BE57E22}.AppStore|iPhone.ActiveCfg = Release|Any CPU
		{72D1FDC9-EEB3-47A0-96D2-BD3C2BE57E22}.AppStore|iPhone.Build.0 = Release|Any CPU
		{72D1FDC9-EEB3-47A0-96D2-BD3C2BE57E22}.AppStore|iPhoneSimulator.ActiveCfg = Release|Any CPU
		{72D1FDC9-EEB3-47A0-96D2-BD3C2BE57E22}.AppStore|iPhoneSimulator.Build.0 = Release|Any CPU
		{72D1FDC9-EEB3-47A0-96D2-BD3C2BE57E22}.Debug|Any CPU.ActiveCfg = Debug|Any CPU
		{72D1FDC9-EEB3-47A0-96D2-BD3C2BE57E22}.Debug|Any CPU.Build.0 = Debug|Any CPU
		{72D1FDC9-EEB3-47A0-96D2-BD3C2BE57E22}.Debug|iPhone.ActiveCfg = Debug|Any CPU
		{72D1FDC9-EEB3-47A0-96D2-BD3C2BE57E22}.Debug|iPhone.Build.0 = Debug|Any CPU
		{72D1FDC9-EEB3-47A0-96D2-BD3C2BE57E22}.Debug|iPhoneSimulator.ActiveCfg = Debug|Any CPU
		{72D1FDC9-EEB3-47A0-96D2-BD3C2BE57E22}.Debug|iPhoneSimulator.Build.0 = Debug|Any CPU
		{72D1FDC9-EEB3-47A0-96D2-BD3C2BE57E22}.Release|Any CPU.ActiveCfg = Release|Any CPU
		{72D1FDC9-EEB3-47A0-96D2-BD3C2BE57E22}.Release|Any CPU.Build.0 = Release|Any CPU
		{72D1FDC9-EEB3-47A0-96D2-BD3C2BE57E22}.Release|iPhone.ActiveCfg = Release|Any CPU
		{72D1FDC9-EEB3-47A0-96D2-BD3C2BE57E22}.Release|iPhone.Build.0 = Release|Any CPU
		{72D1FDC9-EEB3-47A0-96D2-BD3C2BE57E22}.Release|iPhoneSimulator.ActiveCfg = Release|Any CPU
		{72D1FDC9-EEB3-47A0-96D2-BD3C2BE57E22}.Release|iPhoneSimulator.Build.0 = Release|Any CPU
		{72D1FDC9-EEB3-47A0-96D2-BD3C2BE57E22}.Staging|Any CPU.ActiveCfg = Release|Any CPU
		{72D1FDC9-EEB3-47A0-96D2-BD3C2BE57E22}.Staging|Any CPU.Build.0 = Release|Any CPU
		{72D1FDC9-EEB3-47A0-96D2-BD3C2BE57E22}.Staging|iPhone.ActiveCfg = Release|Any CPU
		{72D1FDC9-EEB3-47A0-96D2-BD3C2BE57E22}.Staging|iPhone.Build.0 = Release|Any CPU
		{72D1FDC9-EEB3-47A0-96D2-BD3C2BE57E22}.Staging|iPhoneSimulator.ActiveCfg = Release|Any CPU
		{72D1FDC9-EEB3-47A0-96D2-BD3C2BE57E22}.Staging|iPhoneSimulator.Build.0 = Release|Any CPU
		{FB97FFD2-ACE5-4294-9564-B0074CC941C9}.AppStore|Any CPU.ActiveCfg = Release|Any CPU
		{FB97FFD2-ACE5-4294-9564-B0074CC941C9}.AppStore|Any CPU.Build.0 = Release|Any CPU
		{FB97FFD2-ACE5-4294-9564-B0074CC941C9}.AppStore|iPhone.ActiveCfg = Release|Any CPU
		{FB97FFD2-ACE5-4294-9564-B0074CC941C9}.AppStore|iPhone.Build.0 = Release|Any CPU
		{FB97FFD2-ACE5-4294-9564-B0074CC941C9}.AppStore|iPhoneSimulator.ActiveCfg = Release|Any CPU
		{FB97FFD2-ACE5-4294-9564-B0074CC941C9}.AppStore|iPhoneSimulator.Build.0 = Release|Any CPU
		{FB97FFD2-ACE5-4294-9564-B0074CC941C9}.Debug|Any CPU.ActiveCfg = Debug|Any CPU
		{FB97FFD2-ACE5-4294-9564-B0074CC941C9}.Debug|Any CPU.Build.0 = Debug|Any CPU
		{FB97FFD2-ACE5-4294-9564-B0074CC941C9}.Debug|iPhone.ActiveCfg = Debug|Any CPU
		{FB97FFD2-ACE5-4294-9564-B0074CC941C9}.Debug|iPhone.Build.0 = Debug|Any CPU
		{FB97FFD2-ACE5-4294-9564-B0074CC941C9}.Debug|iPhoneSimulator.ActiveCfg = Debug|Any CPU
		{FB97FFD2-ACE5-4294-9564-B0074CC941C9}.Debug|iPhoneSimulator.Build.0 = Debug|Any CPU
		{FB97FFD2-ACE5-4294-9564-B0074CC941C9}.Release|Any CPU.ActiveCfg = Release|Any CPU
		{FB97FFD2-ACE5-4294-9564-B0074CC941C9}.Release|Any CPU.Build.0 = Release|Any CPU
		{FB97FFD2-ACE5-4294-9564-B0074CC941C9}.Release|iPhone.ActiveCfg = Release|Any CPU
		{FB97FFD2-ACE5-4294-9564-B0074CC941C9}.Release|iPhone.Build.0 = Release|Any CPU
		{FB97FFD2-ACE5-4294-9564-B0074CC941C9}.Release|iPhoneSimulator.ActiveCfg = Release|Any CPU
		{FB97FFD2-ACE5-4294-9564-B0074CC941C9}.Release|iPhoneSimulator.Build.0 = Release|Any CPU
		{FB97FFD2-ACE5-4294-9564-B0074CC941C9}.Staging|Any CPU.ActiveCfg = Release|Any CPU
		{FB97FFD2-ACE5-4294-9564-B0074CC941C9}.Staging|Any CPU.Build.0 = Release|Any CPU
		{FB97FFD2-ACE5-4294-9564-B0074CC941C9}.Staging|iPhone.ActiveCfg = Release|Any CPU
		{FB97FFD2-ACE5-4294-9564-B0074CC941C9}.Staging|iPhone.Build.0 = Release|Any CPU
		{FB97FFD2-ACE5-4294-9564-B0074CC941C9}.Staging|iPhoneSimulator.ActiveCfg = Release|Any CPU
		{FB97FFD2-ACE5-4294-9564-B0074CC941C9}.Staging|iPhoneSimulator.Build.0 = Release|Any CPU
		{9FC8ADCB-421F-4F7B-8B60-D3EDB9FDA13A}.AppStore|Any CPU.ActiveCfg = Release|Any CPU
		{9FC8ADCB-421F-4F7B-8B60-D3EDB9FDA13A}.AppStore|Any CPU.Build.0 = Release|Any CPU
		{9FC8ADCB-421F-4F7B-8B60-D3EDB9FDA13A}.AppStore|iPhone.ActiveCfg = Release|Any CPU
		{9FC8ADCB-421F-4F7B-8B60-D3EDB9FDA13A}.AppStore|iPhone.Build.0 = Release|Any CPU
		{9FC8ADCB-421F-4F7B-8B60-D3EDB9FDA13A}.AppStore|iPhoneSimulator.ActiveCfg = Release|Any CPU
		{9FC8ADCB-421F-4F7B-8B60-D3EDB9FDA13A}.AppStore|iPhoneSimulator.Build.0 = Release|Any CPU
		{9FC8ADCB-421F-4F7B-8B60-D3EDB9FDA13A}.Debug|Any CPU.ActiveCfg = Debug|Any CPU
		{9FC8ADCB-421F-4F7B-8B60-D3EDB9FDA13A}.Debug|Any CPU.Build.0 = Debug|Any CPU
		{9FC8ADCB-421F-4F7B-8B60-D3EDB9FDA13A}.Debug|iPhone.ActiveCfg = Debug|Any CPU
		{9FC8ADCB-421F-4F7B-8B60-D3EDB9FDA13A}.Debug|iPhone.Build.0 = Debug|Any CPU
		{9FC8ADCB-421F-4F7B-8B60-D3EDB9FDA13A}.Debug|iPhoneSimulator.ActiveCfg = Debug|Any CPU
		{9FC8ADCB-421F-4F7B-8B60-D3EDB9FDA13A}.Debug|iPhoneSimulator.Build.0 = Debug|Any CPU
		{9FC8ADCB-421F-4F7B-8B60-D3EDB9FDA13A}.Release|Any CPU.ActiveCfg = Release|Any CPU
		{9FC8ADCB-421F-4F7B-8B60-D3EDB9FDA13A}.Release|Any CPU.Build.0 = Release|Any CPU
		{9FC8ADCB-421F-4F7B-8B60-D3EDB9FDA13A}.Release|iPhone.ActiveCfg = Release|Any CPU
		{9FC8ADCB-421F-4F7B-8B60-D3EDB9FDA13A}.Release|iPhone.Build.0 = Release|Any CPU
		{9FC8ADCB-421F-4F7B-8B60-D3EDB9FDA13A}.Release|iPhoneSimulator.ActiveCfg = Release|Any CPU
		{9FC8ADCB-421F-4F7B-8B60-D3EDB9FDA13A}.Release|iPhoneSimulator.Build.0 = Release|Any CPU
		{9FC8ADCB-421F-4F7B-8B60-D3EDB9FDA13A}.Staging|Any CPU.ActiveCfg = Release|Any CPU
		{9FC8ADCB-421F-4F7B-8B60-D3EDB9FDA13A}.Staging|Any CPU.Build.0 = Release|Any CPU
		{9FC8ADCB-421F-4F7B-8B60-D3EDB9FDA13A}.Staging|iPhone.ActiveCfg = Release|Any CPU
		{9FC8ADCB-421F-4F7B-8B60-D3EDB9FDA13A}.Staging|iPhone.Build.0 = Release|Any CPU
		{9FC8ADCB-421F-4F7B-8B60-D3EDB9FDA13A}.Staging|iPhoneSimulator.ActiveCfg = Release|Any CPU
		{9FC8ADCB-421F-4F7B-8B60-D3EDB9FDA13A}.Staging|iPhoneSimulator.Build.0 = Release|Any CPU
	EndGlobalSection
	GlobalSection(SolutionProperties) = preSolution
		HideSolutionNode = FALSE
	EndGlobalSection
EndGlobal
