
Microsoft Visual Studio Solution File, Format Version 12.00
# Visual Studio 15
VisualStudioVersion = 15.0.26014.0
MinimumVisualStudioVersion = 10.0.40219.1
Project("{2150E333-8FDC-42A3-9474-1A3956D46DE8}") = "Documentation", "Documentation", "{4BF2CF02-E8A6-4F5A-B634-D76067E11447}"
	ProjectSection(SolutionItems) = preProject
		..\1. Database as a Service.md = ..\1. Database as a Service.md
		..\1.1. Connecting to database.md = ..\1.1. Connecting to database.md
		..\1.2. InsertOne.md = ..\1.2. InsertOne.md
		..\1.3. Find.md = ..\1.3. Find.md
		..\1.4. Update.md = ..\1.4. Update.md
		..\1.5. DeleteOne.md = ..\1.5. DeleteOne.md
		..\1.6. Sorting And Paging.md = ..\1.6. Sorting And Paging.md
		..\1.7. Projection.md = ..\1.7. Projection.md
		..\2. Notifications.md = ..\2. Notifications.md
		..\2.1. Establish Smtp.md = ..\2.1. Establish Smtp.md
		..\2.2. Send Mail.md = ..\2.2. Send Mail.md
		..\2.3. Send Mail With Template.md = ..\2.3. Send Mail With Template.md
		..\2.4. Send Mail Using Marketing Platform.md = ..\2.4. Send Mail Using Marketing Platform.md
		..\3. Centric File Storage.md = ..\3. Centric File Storage.md
		..\4. Multilingual Apps.md = ..\4. Multilingual Apps.md
		..\5. Application Insights.md = ..\5. Application Insights.md
		..\6. Centric Payments Approach.md = ..\6. Centric Payments Approach.md
		..\7. One Identity Provider.md = ..\7. One Identity Provider.md
		..\Get ApiKey.md = ..\Get ApiKey.md
		..\Getting started.md = ..\Getting started.md
		..\license.txt = ..\license.txt
		..\README.md = ..\README.md
	EndProjectSection
EndProject
Project("{FAE04EC0-301F-11D3-BF4B-00C04F79EFBC}") = "CodeMash.Data", "CodeMash.Data\CodeMash.Data.csproj", "{FC983D79-F15B-47AD-AE8C-53B2E2B52D2E}"
EndProject
Project("{FAE04EC0-301F-11D3-BF4B-00C04F79EFBC}") = "CodeMash.Interfaces", "CodeMash.Interfaces\CodeMash.Interfaces.csproj", "{BD138835-DFD0-48F4-B8DE-2C544054825A}"
EndProject
Project("{FAE04EC0-301F-11D3-BF4B-00C04F79EFBC}") = "CodeMash.Tests", "CodeMash.Tests\CodeMash.Tests.csproj", "{72D1FDC9-EEB3-47A0-96D2-BD3C2BE57E22}"
EndProject
Project("{FAE04EC0-301F-11D3-BF4B-00C04F79EFBC}") = "CodeMash", "CodeMash\CodeMash.csproj", "{FB97FFD2-ACE5-4294-9564-B0074CC941C9}"
EndProject
Project("{FAE04EC0-301F-11D3-BF4B-00C04F79EFBC}") = "CodeMash.Notifications", "CodeMash.Notifications\CodeMash.Notifications.csproj", "{9FC8ADCB-421F-4F7B-8B60-D3EDB9FDA13A}"
EndProject
Global
	GlobalSection(SolutionConfigurationPlatforms) = preSolution
		AppStore|Any CPU = AppStore|Any CPU
		AppStore|iPhone = AppStore|iPhone
		AppStore|iPhoneSimulator = AppStore|iPhoneSimulator
		Debug|Any CPU = Debug|Any CPU
		Debug|iPhone = Debug|iPhone
		Debug|iPhoneSimulator = Debug|iPhoneSimulator
		Release|Any CPU = Release|Any CPU
		Release|iPhone = Release|iPhone
		Release|iPhoneSimulator = Release|iPhoneSimulator
		Staging|Any CPU = Staging|Any CPU
		Staging|iPhone = Staging|iPhone
		Staging|iPhoneSimulator = Staging|iPhoneSimulator
	EndGlobalSection
	GlobalSection(ProjectConfigurationPlatforms) = postSolution
		{FC983D79-F15B-47AD-AE8C-53B2E2B52D2E}.AppStore|Any CPU.ActiveCfg = Release|Any CPU
		{FC983D79-F15B-47AD-AE8C-53B2E2B52D2E}.AppStore|Any CPU.Build.0 = Release|Any CPU
		{FC983D79-F15B-47AD-AE8C-53B2E2B52D2E}.AppStore|iPhone.ActiveCfg = Release|Any CPU
		{FC983D79-F15B-47AD-AE8C-53B2E2B52D2E}.AppStore|iPhone.Build.0 = Release|Any CPU
		{FC983D79-F15B-47AD-AE8C-53B2E2B52D2E}.AppStore|iPhoneSimulator.ActiveCfg = Release|Any CPU
		{FC983D79-F15B-47AD-AE8C-53B2E2B52D2E}.AppStore|iPhoneSimulator.Build.0 = Release|Any CPU
		{FC983D79-F15B-47AD-AE8C-53B2E2B52D2E}.Debug|Any CPU.ActiveCfg = Debug|Any CPU
		{FC983D79-F15B-47AD-AE8C-53B2E2B52D2E}.Debug|Any CPU.Build.0 = Debug|Any CPU
		{FC983D79-F15B-47AD-AE8C-53B2E2B52D2E}.Debug|iPhone.ActiveCfg = Debug|Any CPU
		{FC983D79-F15B-47AD-AE8C-53B2E2B52D2E}.Debug|iPhone.Build.0 = Debug|Any CPU
		{FC983D79-F15B-47AD-AE8C-53B2E2B52D2E}.Debug|iPhoneSimulator.ActiveCfg = Debug|Any CPU
		{FC983D79-F15B-47AD-AE8C-53B2E2B52D2E}.Debug|iPhoneSimulator.Build.0 = Debug|Any CPU
		{FC983D79-F15B-47AD-AE8C-53B2E2B52D2E}.Release|Any CPU.ActiveCfg = Release|Any CPU
		{FC983D79-F15B-47AD-AE8C-53B2E2B52D2E}.Release|Any CPU.Build.0 = Release|Any CPU
		{FC983D79-F15B-47AD-AE8C-53B2E2B52D2E}.Release|iPhone.ActiveCfg = Release|Any CPU
		{FC983D79-F15B-47AD-AE8C-53B2E2B52D2E}.Release|iPhone.Build.0 = Release|Any CPU
		{FC983D79-F15B-47AD-AE8C-53B2E2B52D2E}.Release|iPhoneSimulator.ActiveCfg = Release|Any CPU
		{FC983D79-F15B-47AD-AE8C-53B2E2B52D2E}.Release|iPhoneSimulator.Build.0 = Release|Any CPU
		{FC983D79-F15B-47AD-AE8C-53B2E2B52D2E}.Staging|Any CPU.ActiveCfg = Release|Any CPU
		{FC983D79-F15B-47AD-AE8C-53B2E2B52D2E}.Staging|Any CPU.Build.0 = Release|Any CPU
		{FC983D79-F15B-47AD-AE8C-53B2E2B52D2E}.Staging|iPhone.ActiveCfg = Release|Any CPU
		{FC983D79-F15B-47AD-AE8C-53B2E2B52D2E}.Staging|iPhone.Build.0 = Release|Any CPU
		{FC983D79-F15B-47AD-AE8C-53B2E2B52D2E}.Staging|iPhoneSimulator.ActiveCfg = Release|Any CPU
		{FC983D79-F15B-47AD-AE8C-53B2E2B52D2E}.Staging|iPhoneSimulator.Build.0 = Release|Any CPU
		{BD138835-DFD0-48F4-B8DE-2C544054825A}.AppStore|Any CPU.ActiveCfg = Release|Any CPU
		{BD138835-DFD0-48F4-B8DE-2C544054825A}.AppStore|Any CPU.Build.0 = Release|Any CPU
		{BD138835-DFD0-48F4-B8DE-2C544054825A}.AppStore|iPhone.ActiveCfg = Release|Any CPU
		{BD138835-DFD0-48F4-B8DE-2C544054825A}.AppStore|iPhone.Build.0 = Release|Any CPU
		{BD138835-DFD0-48F4-B8DE-2C544054825A}.AppStore|iPhoneSimulator.ActiveCfg = Release|Any CPU
		{BD138835-DFD0-48F4-B8DE-2C544054825A}.AppStore|iPhoneSimulator.Build.0 = Release|Any CPU
		{BD138835-DFD0-48F4-B8DE-2C544054825A}.Debug|Any CPU.ActiveCfg = Debug|Any CPU
		{BD138835-DFD0-48F4-B8DE-2C544054825A}.Debug|Any CPU.Build.0 = Debug|Any CPU
		{BD138835-DFD0-48F4-B8DE-2C544054825A}.Debug|iPhone.ActiveCfg = Debug|Any CPU
		{BD138835-DFD0-48F4-B8DE-2C544054825A}.Debug|iPhone.Build.0 = Debug|Any CPU
		{BD138835-DFD0-48F4-B8DE-2C544054825A}.Debug|iPhoneSimulator.ActiveCfg = Debug|Any CPU
		{BD138835-DFD0-48F4-B8DE-2C544054825A}.Debug|iPhoneSimulator.Build.0 = Debug|Any CPU
		{BD138835-DFD0-48F4-B8DE-2C544054825A}.Release|Any CPU.ActiveCfg = Release|Any CPU
		{BD138835-DFD0-48F4-B8DE-2C544054825A}.Release|Any CPU.Build.0 = Release|Any CPU
		{BD138835-DFD0-48F4-B8DE-2C544054825A}.Release|iPhone.ActiveCfg = Release|Any CPU
		{BD138835-DFD0-48F4-B8DE-2C544054825A}.Release|iPhone.Build.0 = Release|Any CPU
		{BD138835-DFD0-48F4-B8DE-2C544054825A}.Release|iPhoneSimulator.ActiveCfg = Release|Any CPU
		{BD138835-DFD0-48F4-B8DE-2C544054825A}.Release|iPhoneSimulator.Build.0 = Release|Any CPU
		{BD138835-DFD0-48F4-B8DE-2C544054825A}.Staging|Any CPU.ActiveCfg = Release|Any CPU
		{BD138835-DFD0-48F4-B8DE-2C544054825A}.Staging|Any CPU.Build.0 = Release|Any CPU
		{BD138835-DFD0-48F4-B8DE-2C544054825A}.Staging|iPhone.ActiveCfg = Release|Any CPU
		{BD138835-DFD0-48F4-B8DE-2C544054825A}.Staging|iPhone.Build.0 = Release|Any CPU
		{BD138835-DFD0-48F4-B8DE-2C544054825A}.Staging|iPhoneSimulator.ActiveCfg = Release|Any CPU
		{BD138835-DFD0-48F4-B8DE-2C544054825A}.Staging|iPhoneSimulator.Build.0 = Release|Any CPU
		{72D1FDC9-EEB3-47A0-96D2-BD3C2BE57E22}.AppStore|Any CPU.ActiveCfg = Release|Any CPU
		{72D1FDC9-EEB3-47A0-96D2-BD3C2BE57E22}.AppStore|Any CPU.Build.0 = Release|Any CPU
		{72D1FDC9-EEB3-47A0-96D2-BD3C2BE57E22}.AppStore|iPhone.ActiveCfg = Release|Any CPU
		{72D1FDC9-EEB3-47A0-96D2-BD3C2BE57E22}.AppStore|iPhone.Build.0 = Release|Any CPU
		{72D1FDC9-EEB3-47A0-96D2-BD3C2BE57E22}.AppStore|iPhoneSimulator.ActiveCfg = Release|Any CPU
		{72D1FDC9-EEB3-47A0-96D2-BD3C2BE57E22}.AppStore|iPhoneSimulator.Build.0 = Release|Any CPU
		{72D1FDC9-EEB3-47A0-96D2-BD3C2BE57E22}.Debug|Any CPU.ActiveCfg = Debug|Any CPU
		{72D1FDC9-EEB3-47A0-96D2-BD3C2BE57E22}.Debug|Any CPU.Build.0 = Debug|Any CPU
		{72D1FDC9-EEB3-47A0-96D2-BD3C2BE57E22}.Debug|iPhone.ActiveCfg = Debug|Any CPU
		{72D1FDC9-EEB3-47A0-96D2-BD3C2BE57E22}.Debug|iPhone.Build.0 = Debug|Any CPU
		{72D1FDC9-EEB3-47A0-96D2-BD3C2BE57E22}.Debug|iPhoneSimulator.ActiveCfg = Debug|Any CPU
		{72D1FDC9-EEB3-47A0-96D2-BD3C2BE57E22}.Debug|iPhoneSimulator.Build.0 = Debug|Any CPU
		{72D1FDC9-EEB3-47A0-96D2-BD3C2BE57E22}.Release|Any CPU.ActiveCfg = Release|Any CPU
		{72D1FDC9-EEB3-47A0-96D2-BD3C2BE57E22}.Release|Any CPU.Build.0 = Release|Any CPU
		{72D1FDC9-EEB3-47A0-96D2-BD3C2BE57E22}.Release|iPhone.ActiveCfg = Release|Any CPU
		{72D1FDC9-EEB3-47A0-96D2-BD3C2BE57E22}.Release|iPhone.Build.0 = Release|Any CPU
		{72D1FDC9-EEB3-47A0-96D2-BD3C2BE57E22}.Release|iPhoneSimulator.ActiveCfg = Release|Any CPU
		{72D1FDC9-EEB3-47A0-96D2-BD3C2BE57E22}.Release|iPhoneSimulator.Build.0 = Release|Any CPU
		{72D1FDC9-EEB3-47A0-96D2-BD3C2BE57E22}.Staging|Any CPU.ActiveCfg = Release|Any CPU
		{72D1FDC9-EEB3-47A0-96D2-BD3C2BE57E22}.Staging|Any CPU.Build.0 = Release|Any CPU
		{72D1FDC9-EEB3-47A0-96D2-BD3C2BE57E22}.Staging|iPhone.ActiveCfg = Release|Any CPU
		{72D1FDC9-EEB3-47A0-96D2-BD3C2BE57E22}.Staging|iPhone.Build.0 = Release|Any CPU
		{72D1FDC9-EEB3-47A0-96D2-BD3C2BE57E22}.Staging|iPhoneSimulator.ActiveCfg = Release|Any CPU
		{72D1FDC9-EEB3-47A0-96D2-BD3C2BE57E22}.Staging|iPhoneSimulator.Build.0 = Release|Any CPU
		{FB97FFD2-ACE5-4294-9564-B0074CC941C9}.AppStore|Any CPU.ActiveCfg = Release|Any CPU
		{FB97FFD2-ACE5-4294-9564-B0074CC941C9}.AppStore|Any CPU.Build.0 = Release|Any CPU
		{FB97FFD2-ACE5-4294-9564-B0074CC941C9}.AppStore|iPhone.ActiveCfg = Release|Any CPU
		{FB97FFD2-ACE5-4294-9564-B0074CC941C9}.AppStore|iPhone.Build.0 = Release|Any CPU
		{FB97FFD2-ACE5-4294-9564-B0074CC941C9}.AppStore|iPhoneSimulator.ActiveCfg = Release|Any CPU
		{FB97FFD2-ACE5-4294-9564-B0074CC941C9}.AppStore|iPhoneSimulator.Build.0 = Release|Any CPU
		{FB97FFD2-ACE5-4294-9564-B0074CC941C9}.Debug|Any CPU.ActiveCfg = Debug|Any CPU
		{FB97FFD2-ACE5-4294-9564-B0074CC941C9}.Debug|Any CPU.Build.0 = Debug|Any CPU
		{FB97FFD2-ACE5-4294-9564-B0074CC941C9}.Debug|iPhone.ActiveCfg = Debug|Any CPU
		{FB97FFD2-ACE5-4294-9564-B0074CC941C9}.Debug|iPhone.Build.0 = Debug|Any CPU
		{FB97FFD2-ACE5-4294-9564-B0074CC941C9}.Debug|iPhoneSimulator.ActiveCfg = Debug|Any CPU
		{FB97FFD2-ACE5-4294-9564-B0074CC941C9}.Debug|iPhoneSimulator.Build.0 = Debug|Any CPU
		{FB97FFD2-ACE5-4294-9564-B0074CC941C9}.Release|Any CPU.ActiveCfg = Release|Any CPU
		{FB97FFD2-ACE5-4294-9564-B0074CC941C9}.Release|Any CPU.Build.0 = Release|Any CPU
		{FB97FFD2-ACE5-4294-9564-B0074CC941C9}.Release|iPhone.ActiveCfg = Release|Any CPU
		{FB97FFD2-ACE5-4294-9564-B0074CC941C9}.Release|iPhone.Build.0 = Release|Any CPU
		{FB97FFD2-ACE5-4294-9564-B0074CC941C9}.Release|iPhoneSimulator.ActiveCfg = Release|Any CPU
		{FB97FFD2-ACE5-4294-9564-B0074CC941C9}.Release|iPhoneSimulator.Build.0 = Release|Any CPU
		{FB97FFD2-ACE5-4294-9564-B0074CC941C9}.Staging|Any CPU.ActiveCfg = Release|Any CPU
		{FB97FFD2-ACE5-4294-9564-B0074CC941C9}.Staging|Any CPU.Build.0 = Release|Any CPU
		{FB97FFD2-ACE5-4294-9564-B0074CC941C9}.Staging|iPhone.ActiveCfg = Release|Any CPU
		{FB97FFD2-ACE5-4294-9564-B0074CC941C9}.Staging|iPhone.Build.0 = Release|Any CPU
		{FB97FFD2-ACE5-4294-9564-B0074CC941C9}.Staging|iPhoneSimulator.ActiveCfg = Release|Any CPU
		{FB97FFD2-ACE5-4294-9564-B0074CC941C9}.Staging|iPhoneSimulator.Build.0 = Release|Any CPU
		{9FC8ADCB-421F-4F7B-8B60-D3EDB9FDA13A}.AppStore|Any CPU.ActiveCfg = Release|Any CPU
		{9FC8ADCB-421F-4F7B-8B60-D3EDB9FDA13A}.AppStore|Any CPU.Build.0 = Release|Any CPU
		{9FC8ADCB-421F-4F7B-8B60-D3EDB9FDA13A}.AppStore|iPhone.ActiveCfg = Release|Any CPU
		{9FC8ADCB-421F-4F7B-8B60-D3EDB9FDA13A}.AppStore|iPhone.Build.0 = Release|Any CPU
		{9FC8ADCB-421F-4F7B-8B60-D3EDB9FDA13A}.AppStore|iPhoneSimulator.ActiveCfg = Release|Any CPU
		{9FC8ADCB-421F-4F7B-8B60-D3EDB9FDA13A}.AppStore|iPhoneSimulator.Build.0 = Release|Any CPU
		{9FC8ADCB-421F-4F7B-8B60-D3EDB9FDA13A}.Debug|Any CPU.ActiveCfg = Debug|Any CPU
		{9FC8ADCB-421F-4F7B-8B60-D3EDB9FDA13A}.Debug|Any CPU.Build.0 = Debug|Any CPU
		{9FC8ADCB-421F-4F7B-8B60-D3EDB9FDA13A}.Debug|iPhone.ActiveCfg = Debug|Any CPU
		{9FC8ADCB-421F-4F7B-8B60-D3EDB9FDA13A}.Debug|iPhone.Build.0 = Debug|Any CPU
		{9FC8ADCB-421F-4F7B-8B60-D3EDB9FDA13A}.Debug|iPhoneSimulator.ActiveCfg = Debug|Any CPU
		{9FC8ADCB-421F-4F7B-8B60-D3EDB9FDA13A}.Debug|iPhoneSimulator.Build.0 = Debug|Any CPU
		{9FC8ADCB-421F-4F7B-8B60-D3EDB9FDA13A}.Release|Any CPU.ActiveCfg = Release|Any CPU
		{9FC8ADCB-421F-4F7B-8B60-D3EDB9FDA13A}.Release|Any CPU.Build.0 = Release|Any CPU
		{9FC8ADCB-421F-4F7B-8B60-D3EDB9FDA13A}.Release|iPhone.ActiveCfg = Release|Any CPU
		{9FC8ADCB-421F-4F7B-8B60-D3EDB9FDA13A}.Release|iPhone.Build.0 = Release|Any CPU
		{9FC8ADCB-421F-4F7B-8B60-D3EDB9FDA13A}.Release|iPhoneSimulator.ActiveCfg = Release|Any CPU
		{9FC8ADCB-421F-4F7B-8B60-D3EDB9FDA13A}.Release|iPhoneSimulator.Build.0 = Release|Any CPU
		{9FC8ADCB-421F-4F7B-8B60-D3EDB9FDA13A}.Staging|Any CPU.ActiveCfg = Release|Any CPU
		{9FC8ADCB-421F-4F7B-8B60-D3EDB9FDA13A}.Staging|Any CPU.Build.0 = Release|Any CPU
		{9FC8ADCB-421F-4F7B-8B60-D3EDB9FDA13A}.Staging|iPhone.ActiveCfg = Release|Any CPU
		{9FC8ADCB-421F-4F7B-8B60-D3EDB9FDA13A}.Staging|iPhone.Build.0 = Release|Any CPU
		{9FC8ADCB-421F-4F7B-8B60-D3EDB9FDA13A}.Staging|iPhoneSimulator.ActiveCfg = Release|Any CPU
		{9FC8ADCB-421F-4F7B-8B60-D3EDB9FDA13A}.Staging|iPhoneSimulator.Build.0 = Release|Any CPU
	EndGlobalSection
	GlobalSection(SolutionProperties) = preSolution
		HideSolutionNode = FALSE
	EndGlobalSection
EndGlobal
