
Microsoft Visual Studio Solution File, Format Version 12.00
# Visual Studio 15
VisualStudioVersion = 15.0.26228.4
MinimumVisualStudioVersion = 10.0.40219.1
Project("{9A19103F-16F7-4668-BE54-9A1E7A4F7556}") = "CodeMash.Notifications", "CodeMash.Notifications\CodeMash.Notifications.csproj", "{BC48D51C-EBD2-4585-9103-9A0B02E697AF}"
EndProject
Project("{FAE04EC0-301F-11D3-BF4B-00C04F79EFBC}") = "CodeMash.Interfaces", "CodeMash.Interfaces\CodeMash.Interfaces.csproj", "{73D1FB67-9427-467D-B297-497C8C48C3B4}"
EndProject
Project("{FAE04EC0-301F-11D3-BF4B-00C04F79EFBC}") = "CodeMash.Core.Tests", "CodeMash.Core.Tests\CodeMash.Core.Tests.csproj", "{C65A356E-6C31-4F2C-97E5-377825ACE105}"
EndProject
Project("{2150E333-8FDC-42A3-9474-1A3956D46DE8}") = "lib", "lib", "{920D997A-849E-4C9D-93E6-3605BBB7A3E9}"
ProjectSection(SolutionItems) = preProject
	..\lib\ServiceContracts.dll = ..\lib\ServiceContracts.dll
	..\lib\Data.dll = ..\lib\Data.dll
	..\lib\Utils.dll = ..\lib\Utils.dll
EndProjectSection
EndProject
Project("{FAE04EC0-301F-11D3-BF4B-00C04F79EFBC}") = "CodeMash.Repository", "CodeMash.Repository\CodeMash.Repository.csproj", "{063C5DAB-39B7-44D6-8E63-AE85CCE75390}"
EndProject
Project("{FAE04EC0-301F-11D3-BF4B-00C04F79EFBC}") = "TestApp", "TestApp\TestApp.csproj", "{2944FD46-1D6D-4B1B-8941-2CD359B87342}"
EndProject
Global
	GlobalSection(SolutionConfigurationPlatforms) = preSolution
		Debug|Any CPU = Debug|Any CPU
		Release|Any CPU = Release|Any CPU
	EndGlobalSection
	GlobalSection(ProjectConfigurationPlatforms) = postSolution
		{BC48D51C-EBD2-4585-9103-9A0B02E697AF}.Debug|Any CPU.ActiveCfg = Debug|Any CPU
		{BC48D51C-EBD2-4585-9103-9A0B02E697AF}.Debug|Any CPU.Build.0 = Debug|Any CPU
		{BC48D51C-EBD2-4585-9103-9A0B02E697AF}.Release|Any CPU.ActiveCfg = Release|Any CPU
		{BC48D51C-EBD2-4585-9103-9A0B02E697AF}.Release|Any CPU.Build.0 = Release|Any CPU
		{73D1FB67-9427-467D-B297-497C8C48C3B4}.Debug|Any CPU.ActiveCfg = Debug|Any CPU
		{73D1FB67-9427-467D-B297-497C8C48C3B4}.Debug|Any CPU.Build.0 = Debug|Any CPU
		{73D1FB67-9427-467D-B297-497C8C48C3B4}.Release|Any CPU.ActiveCfg = Release|Any CPU
		{73D1FB67-9427-467D-B297-497C8C48C3B4}.Release|Any CPU.Build.0 = Release|Any CPU
		{C65A356E-6C31-4F2C-97E5-377825ACE105}.Debug|Any CPU.ActiveCfg = Debug|Any CPU
		{C65A356E-6C31-4F2C-97E5-377825ACE105}.Debug|Any CPU.Build.0 = Debug|Any CPU
		{C65A356E-6C31-4F2C-97E5-377825ACE105}.Release|Any CPU.ActiveCfg = Release|Any CPU
		{C65A356E-6C31-4F2C-97E5-377825ACE105}.Release|Any CPU.Build.0 = Release|Any CPU
		{36B8345D-9333-43C9-BEA5-E7D49D0BE5E8}.Debug|Any CPU.ActiveCfg = Debug|Any CPU
		{36B8345D-9333-43C9-BEA5-E7D49D0BE5E8}.Debug|Any CPU.Build.0 = Debug|Any CPU
		{36B8345D-9333-43C9-BEA5-E7D49D0BE5E8}.Release|Any CPU.ActiveCfg = Release|Any CPU
		{36B8345D-9333-43C9-BEA5-E7D49D0BE5E8}.Release|Any CPU.Build.0 = Release|Any CPU
		{063C5DAB-39B7-44D6-8E63-AE85CCE75390}.Debug|Any CPU.ActiveCfg = Debug|Any CPU
		{063C5DAB-39B7-44D6-8E63-AE85CCE75390}.Debug|Any CPU.Build.0 = Debug|Any CPU
		{063C5DAB-39B7-44D6-8E63-AE85CCE75390}.Release|Any CPU.ActiveCfg = Release|Any CPU
		{063C5DAB-39B7-44D6-8E63-AE85CCE75390}.Release|Any CPU.Build.0 = Release|Any CPU
		{2944FD46-1D6D-4B1B-8941-2CD359B87342}.Debug|Any CPU.ActiveCfg = Debug|Any CPU
		{2944FD46-1D6D-4B1B-8941-2CD359B87342}.Debug|Any CPU.Build.0 = Debug|Any CPU
		{2944FD46-1D6D-4B1B-8941-2CD359B87342}.Release|Any CPU.ActiveCfg = Release|Any CPU
		{2944FD46-1D6D-4B1B-8941-2CD359B87342}.Release|Any CPU.Build.0 = Release|Any CPU
	EndGlobalSection
	GlobalSection(SolutionProperties) = preSolution
		HideSolutionNode = FALSE
	EndGlobalSection
EndGlobal
