
Microsoft Visual Studio Solution File, Format Version 12.00
# Visual Studio 15
VisualStudioVersion = 15.0.26228.4
MinimumVisualStudioVersion = 10.0.40219.1
Project("{9A19103F-16F7-4668-BE54-9A1E7A4F7556}") = "CodeMash.Notifications", "CodeMash.Notifications\CodeMash.Notifications.csproj", "{BC48D51C-EBD2-4585-9103-9A0B02E697AF}"
EndProject
Project("{FAE04EC0-301F-11D3-BF4B-00C04F79EFBC}") = "CodeMash.Interfaces", "CodeMash.Interfaces\CodeMash.Interfaces.csproj", "{73D1FB67-9427-467D-B297-497C8C48C3B4}"
EndProject
Project("{FAE04EC0-301F-11D3-BF4B-00C04F79EFBC}") = "CodeMash.Core.Tests", "CodeMash.Core.Tests\CodeMash.Core.Tests.csproj", "{C65A356E-6C31-4F2C-97E5-377825ACE105}"
EndProject
Project("{2150E333-8FDC-42A3-9474-1A3956D46DE8}") = "lib", "lib", "{920D997A-849E-4C9D-93E6-3605BBB7A3E9}"
ProjectSection(SolutionItems) = preProject
	..\lib\ServiceContracts.dll = ..\lib\ServiceContracts.dll
	..\lib\CodeMash.Models.dll = ..\lib\CodeMash.Models.dll
EndProjectSection
EndProject
Project("{FAE04EC0-301F-11D3-BF4B-00C04F79EFBC}") = "CodeMash.Repository", "CodeMash.Repository\CodeMash.Repository.csproj", "{063C5DAB-39B7-44D6-8E63-AE85CCE75390}"
EndProject
Project("{FAE04EC0-301F-11D3-BF4B-00C04F79EFBC}") = "CodeMash.Client", "CodeMash.Client\CodeMash.Client.csproj", "{53E7A69B-F158-489D-992D-5DF4F3890E36}"
EndProject
Project("{FAE04EC0-301F-11D3-BF4B-00C04F79EFBC}") = "CodeMash.Membership", "CodeMash.Membership\CodeMash.Membership.csproj", "{0D3A7DCB-341C-4397-92F4-2BDD1BCFB72C}"
EndProject
Project("{FAE04EC0-301F-11D3-BF4B-00C04F79EFBC}") = "CodeMash.Code", "CodeMash.Code\CodeMash.Code.csproj", "{94369B1C-E550-4CCE-898F-8739EC22123B}"
EndProject
Project("{FAE04EC0-301F-11D3-BF4B-00C04F79EFBC}") = "CodeMash.Project", "CodeMash.Project\CodeMash.Project.csproj", "{7746C08C-9A10-4352-AEC1-7EA5D5E16B30}"
EndProject
Project("{FAE04EC0-301F-11D3-BF4B-00C04F79EFBC}") = "CodeMash.Logs", "CodeMash.Logs\CodeMash.Logs.csproj", "{801B21E8-123B-41C2-84A6-C52CAF14008B}"
EndProject
Project("{FAE04EC0-301F-11D3-BF4B-00C04F79EFBC}") = "CodeMash.Files", "CodeMash.Files\CodeMash.Files.csproj", "{1DED6447-DEA3-483F-98A4-A3AD78606FFA}"
EndProject
Project("{FAE04EC0-301F-11D3-BF4B-00C04F79EFBC}") = "CodeMash.Data", "CodeMash.Data\CodeMash.Data.csproj", "{0B71D8D9-F05D-4050-BA4B-8C932BF251B4}"
EndProject
Global
	GlobalSection(SolutionConfigurationPlatforms) = preSolution
		Debug|Any CPU = Debug|Any CPU
		Release|Any CPU = Release|Any CPU
	EndGlobalSection
	GlobalSection(ProjectConfigurationPlatforms) = postSolution
		{BC48D51C-EBD2-4585-9103-9A0B02E697AF}.Debug|Any CPU.ActiveCfg = Debug|Any CPU
		{BC48D51C-EBD2-4585-9103-9A0B02E697AF}.Debug|Any CPU.Build.0 = Debug|Any CPU
		{BC48D51C-EBD2-4585-9103-9A0B02E697AF}.Release|Any CPU.ActiveCfg = Release|Any CPU
		{BC48D51C-EBD2-4585-9103-9A0B02E697AF}.Release|Any CPU.Build.0 = Release|Any CPU
		{73D1FB67-9427-467D-B297-497C8C48C3B4}.Debug|Any CPU.ActiveCfg = Debug|Any CPU
		{73D1FB67-9427-467D-B297-497C8C48C3B4}.Debug|Any CPU.Build.0 = Debug|Any CPU
		{73D1FB67-9427-467D-B297-497C8C48C3B4}.Release|Any CPU.ActiveCfg = Release|Any CPU
		{73D1FB67-9427-467D-B297-497C8C48C3B4}.Release|Any CPU.Build.0 = Release|Any CPU
		{C65A356E-6C31-4F2C-97E5-377825ACE105}.Debug|Any CPU.ActiveCfg = Debug|Any CPU
		{C65A356E-6C31-4F2C-97E5-377825ACE105}.Debug|Any CPU.Build.0 = Debug|Any CPU
		{C65A356E-6C31-4F2C-97E5-377825ACE105}.Release|Any CPU.ActiveCfg = Release|Any CPU
		{C65A356E-6C31-4F2C-97E5-377825ACE105}.Release|Any CPU.Build.0 = Release|Any CPU
		{36B8345D-9333-43C9-BEA5-E7D49D0BE5E8}.Debug|Any CPU.ActiveCfg = Debug|Any CPU
		{36B8345D-9333-43C9-BEA5-E7D49D0BE5E8}.Debug|Any CPU.Build.0 = Debug|Any CPU
		{36B8345D-9333-43C9-BEA5-E7D49D0BE5E8}.Release|Any CPU.ActiveCfg = Release|Any CPU
		{36B8345D-9333-43C9-BEA5-E7D49D0BE5E8}.Release|Any CPU.Build.0 = Release|Any CPU
		{063C5DAB-39B7-44D6-8E63-AE85CCE75390}.Debug|Any CPU.ActiveCfg = Debug|Any CPU
		{063C5DAB-39B7-44D6-8E63-AE85CCE75390}.Debug|Any CPU.Build.0 = Debug|Any CPU
		{063C5DAB-39B7-44D6-8E63-AE85CCE75390}.Release|Any CPU.ActiveCfg = Release|Any CPU
		{063C5DAB-39B7-44D6-8E63-AE85CCE75390}.Release|Any CPU.Build.0 = Release|Any CPU
		{53E7A69B-F158-489D-992D-5DF4F3890E36}.Debug|Any CPU.ActiveCfg = Debug|Any CPU
		{53E7A69B-F158-489D-992D-5DF4F3890E36}.Debug|Any CPU.Build.0 = Debug|Any CPU
		{53E7A69B-F158-489D-992D-5DF4F3890E36}.Release|Any CPU.ActiveCfg = Release|Any CPU
		{53E7A69B-F158-489D-992D-5DF4F3890E36}.Release|Any CPU.Build.0 = Release|Any CPU
		{0D3A7DCB-341C-4397-92F4-2BDD1BCFB72C}.Debug|Any CPU.ActiveCfg = Debug|Any CPU
		{0D3A7DCB-341C-4397-92F4-2BDD1BCFB72C}.Debug|Any CPU.Build.0 = Debug|Any CPU
		{0D3A7DCB-341C-4397-92F4-2BDD1BCFB72C}.Release|Any CPU.ActiveCfg = Release|Any CPU
		{0D3A7DCB-341C-4397-92F4-2BDD1BCFB72C}.Release|Any CPU.Build.0 = Release|Any CPU
		{94369B1C-E550-4CCE-898F-8739EC22123B}.Debug|Any CPU.ActiveCfg = Debug|Any CPU
		{94369B1C-E550-4CCE-898F-8739EC22123B}.Debug|Any CPU.Build.0 = Debug|Any CPU
		{94369B1C-E550-4CCE-898F-8739EC22123B}.Release|Any CPU.ActiveCfg = Release|Any CPU
		{94369B1C-E550-4CCE-898F-8739EC22123B}.Release|Any CPU.Build.0 = Release|Any CPU
		{7746C08C-9A10-4352-AEC1-7EA5D5E16B30}.Debug|Any CPU.ActiveCfg = Debug|Any CPU
		{7746C08C-9A10-4352-AEC1-7EA5D5E16B30}.Debug|Any CPU.Build.0 = Debug|Any CPU
		{7746C08C-9A10-4352-AEC1-7EA5D5E16B30}.Release|Any CPU.ActiveCfg = Release|Any CPU
		{7746C08C-9A10-4352-AEC1-7EA5D5E16B30}.Release|Any CPU.Build.0 = Release|Any CPU
		{801B21E8-123B-41C2-84A6-C52CAF14008B}.Debug|Any CPU.ActiveCfg = Debug|Any CPU
		{801B21E8-123B-41C2-84A6-C52CAF14008B}.Debug|Any CPU.Build.0 = Debug|Any CPU
		{801B21E8-123B-41C2-84A6-C52CAF14008B}.Release|Any CPU.ActiveCfg = Release|Any CPU
		{801B21E8-123B-41C2-84A6-C52CAF14008B}.Release|Any CPU.Build.0 = Release|Any CPU
		{1DED6447-DEA3-483F-98A4-A3AD78606FFA}.Debug|Any CPU.ActiveCfg = Debug|Any CPU
		{1DED6447-DEA3-483F-98A4-A3AD78606FFA}.Debug|Any CPU.Build.0 = Debug|Any CPU
		{1DED6447-DEA3-483F-98A4-A3AD78606FFA}.Release|Any CPU.ActiveCfg = Release|Any CPU
		{1DED6447-DEA3-483F-98A4-A3AD78606FFA}.Release|Any CPU.Build.0 = Release|Any CPU
		{0B71D8D9-F05D-4050-BA4B-8C932BF251B4}.Debug|Any CPU.ActiveCfg = Debug|Any CPU
		{0B71D8D9-F05D-4050-BA4B-8C932BF251B4}.Debug|Any CPU.Build.0 = Debug|Any CPU
		{0B71D8D9-F05D-4050-BA4B-8C932BF251B4}.Release|Any CPU.ActiveCfg = Release|Any CPU
		{0B71D8D9-F05D-4050-BA4B-8C932BF251B4}.Release|Any CPU.Build.0 = Release|Any CPU
	EndGlobalSection
	GlobalSection(SolutionProperties) = preSolution
		HideSolutionNode = FALSE
	EndGlobalSection
	GlobalSection(NestedProjects) = preSolution
	EndGlobalSection
EndGlobal
